<?xml version="1.0" encoding="utf-8"?>
<Project ToolsVersion="4.0" xmlns="http://schemas.microsoft.com/developer/msbuild/2003">
  <ItemGroup>
    <Image Include="gray.ico">
      <Filter>icons</Filter>
    </Image>
    <Image Include="gray-building.ico">
      <Filter>icons</Filter>
    </Image>
    <Image Include="green.ico">
      <Filter>icons</Filter>
    </Image>
    <Image Include="green-building.ico">
      <Filter>icons</Filter>
    </Image>
    <Image Include="blue.ico">
      <Filter>icons</Filter>
    </Image>
    <Image Include="red.ico">
      <Filter>icons</Filter>
    </Image>
    <Image Include="red-building.ico">
      <Filter>icons</Filter>
    </Image>
    <Image Include="refresh.ico">
      <Filter>icons</Filter>
    </Image>
    <Image Include="settings.ico">
      <Filter>icons</Filter>
    </Image>
  </ItemGroup>
  <ItemGroup>
    <ClInclude Include="resource.h" />
    <ClInclude Include="tinyxml2.h" />
    <ClInclude Include="curl_http.h" />
  </ItemGroup>
  <ItemGroup>
    <ResourceCompile Include="Resource.rc" />
  </ItemGroup>
  <ItemGroup>
    <ClCompile Include="main.cpp" />
    <ClCompile Include="tinyxml2.cpp" />
    <ClCompile Include="curl_http.cpp" />
  </ItemGroup>
  <ItemGroup>
    <Filter Include="icons">
      <UniqueIdentifier>{cd4f6985-2fdb-487f-adcb-99100f5ae6a1}</UniqueIdentifier>
    </Filter>
  </ItemGroup>
</Project>